// !$*UTF8*$!
{
	archiveVersion = 1;
	classes = {
	};
	objectVersion = 56;
	objects = {

/* Begin PBXBuildFile section */
		542660802B5F039300E881B7 /* FruitFolioApp.swift in Sources */ = {isa = PBXBuildFile; fileRef = 5426607F2B5F039300E881B7 /* FruitFolioApp.swift */; };
		542660822B5F039300E881B7 /* ContentView.swift in Sources */ = {isa = PBXBuildFile; fileRef = 542660812B5F039300E881B7 /* ContentView.swift */; };
		542660842B5F039400E881B7 /* Assets.xcassets in Resources */ = {isa = PBXBuildFile; fileRef = 542660832B5F039400E881B7 /* Assets.xcassets */; };
		542660872B5F039400E881B7 /* Preview Assets.xcassets in Resources */ = {isa = PBXBuildFile; fileRef = 542660862B5F039400E881B7 /* Preview Assets.xcassets */; };
		542660902B5F0D1400E881B7 /* CardView.swift in Sources */ = {isa = PBXBuildFile; fileRef = 5426608F2B5F0D1400E881B7 /* CardView.swift */; };
		542660922B5F247900E881B7 /* StartButtonView.swift in Sources */ = {isa = PBXBuildFile; fileRef = 542660912B5F247900E881B7 /* StartButtonView.swift */; };
		542660942B5F271500E881B7 /* OnboardingView.swift in Sources */ = {isa = PBXBuildFile; fileRef = 542660932B5F271500E881B7 /* OnboardingView.swift */; };
		542660972B5F283E00E881B7 /* FruitModel.swift in Sources */ = {isa = PBXBuildFile; fileRef = 542660962B5F283E00E881B7 /* FruitModel.swift */; };
		5426609A2B5F28DD00E881B7 /* FruitData.swift in Sources */ = {isa = PBXBuildFile; fileRef = 542660992B5F28DD00E881B7 /* FruitData.swift */; };
		5426609C2B5F34DB00E881B7 /* FruitRowView.swift in Sources */ = {isa = PBXBuildFile; fileRef = 5426609B2B5F34DB00E881B7 /* FruitRowView.swift */; };
		5426609E2B5F3C2A00E881B7 /* FruitDetailView.swift in Sources */ = {isa = PBXBuildFile; fileRef = 5426609D2B5F3C2A00E881B7 /* FruitDetailView.swift */; };
		542660A02B5F413700E881B7 /* FruitHeaderView.swift in Sources */ = {isa = PBXBuildFile; fileRef = 5426609F2B5F413700E881B7 /* FruitHeaderView.swift */; };
		542660A22B5F43B000E881B7 /* SourceLinkView.swift in Sources */ = {isa = PBXBuildFile; fileRef = 542660A12B5F43B000E881B7 /* SourceLinkView.swift */; };
		542660A42B5F455000E881B7 /* FruitNutritionView.swift in Sources */ = {isa = PBXBuildFile; fileRef = 542660A32B5F455000E881B7 /* FruitNutritionView.swift */; };
/* End PBXBuildFile section */

/* Begin PBXFileReference section */
		5426607C2B5F039300E881B7 /* FruitFolio.app */ = {isa = PBXFileReference; explicitFileType = wrapper.application; includeInIndex = 0; path = FruitFolio.app; sourceTree = BUILT_PRODUCTS_DIR; };
		5426607F2B5F039300E881B7 /* FruitFolioApp.swift */ = {isa = PBXFileReference; lastKnownFileType = sourcecode.swift; path = FruitFolioApp.swift; sourceTree = "<group>"; };
		542660812B5F039300E881B7 /* ContentView.swift */ = {isa = PBXFileReference; lastKnownFileType = sourcecode.swift; path = ContentView.swift; sourceTree = "<group>"; };
		542660832B5F039400E881B7 /* Assets.xcassets */ = {isa = PBXFileReference; lastKnownFileType = folder.assetcatalog; path = Assets.xcassets; sourceTree = "<group>"; };
		542660862B5F039400E881B7 /* Preview Assets.xcassets */ = {isa = PBXFileReference; lastKnownFileType = folder.assetcatalog; path = "Preview Assets.xcassets"; sourceTree = "<group>"; };
		5426608F2B5F0D1400E881B7 /* CardView.swift */ = {isa = PBXFileReference; lastKnownFileType = sourcecode.swift; path = CardView.swift; sourceTree = "<group>"; };
		542660912B5F247900E881B7 /* StartButtonView.swift */ = {isa = PBXFileReference; lastKnownFileType = sourcecode.swift; path = StartButtonView.swift; sourceTree = "<group>"; };
		542660932B5F271500E881B7 /* OnboardingView.swift */ = {isa = PBXFileReference; lastKnownFileType = sourcecode.swift; path = OnboardingView.swift; sourceTree = "<group>"; };
		542660962B5F283E00E881B7 /* FruitModel.swift */ = {isa = PBXFileReference; lastKnownFileType = sourcecode.swift; path = FruitModel.swift; sourceTree = "<group>"; };
		542660992B5F28DD00E881B7 /* FruitData.swift */ = {isa = PBXFileReference; lastKnownFileType = sourcecode.swift; path = FruitData.swift; sourceTree = "<group>"; };
		5426609B2B5F34DB00E881B7 /* FruitRowView.swift */ = {isa = PBXFileReference; lastKnownFileType = sourcecode.swift; path = FruitRowView.swift; sourceTree = "<group>"; };
		5426609D2B5F3C2A00E881B7 /* FruitDetailView.swift */ = {isa = PBXFileReference; lastKnownFileType = sourcecode.swift; path = FruitDetailView.swift; sourceTree = "<group>"; };
		5426609F2B5F413700E881B7 /* FruitHeaderView.swift */ = {isa = PBXFileReference; lastKnownFileType = sourcecode.swift; path = FruitHeaderView.swift; sourceTree = "<group>"; };
		542660A12B5F43B000E881B7 /* SourceLinkView.swift */ = {isa = PBXFileReference; lastKnownFileType = sourcecode.swift; path = SourceLinkView.swift; sourceTree = "<group>"; };
		542660A32B5F455000E881B7 /* FruitNutritionView.swift */ = {isa = PBXFileReference; lastKnownFileType = sourcecode.swift; path = FruitNutritionView.swift; sourceTree = "<group>"; };
/* End PBXFileReference section */

/* Begin PBXFrameworksBuildPhase section */
		542660792B5F039300E881B7 /* Frameworks */ = {
			isa = PBXFrameworksBuildPhase;
			buildActionMask = 2147483647;
			files = (
			);
			runOnlyForDeploymentPostprocessing = 0;
		};
/* End PBXFrameworksBuildPhase section */

/* Begin PBXGroup section */
		542660732B5F039300E881B7 = {
			isa = PBXGroup;
			children = (
				5426607E2B5F039300E881B7 /* FruitFolio */,
				5426607D2B5F039300E881B7 /* Products */,
			);
			sourceTree = "<group>";
		};
		5426607D2B5F039300E881B7 /* Products */ = {
			isa = PBXGroup;
			children = (
				5426607C2B5F039300E881B7 /* FruitFolio.app */,
			);
			name = Products;
			sourceTree = "<group>";
		};
		5426607E2B5F039300E881B7 /* FruitFolio */ = {
			isa = PBXGroup;
			children = (
				542660982B5F28CB00E881B7 /* Data */,
				542660952B5F282A00E881B7 /* Model */,
				5426608E2B5F0CB900E881B7 /* View */,
				5426608D2B5F0CAC00E881B7 /* App */,
				542660832B5F039400E881B7 /* Assets.xcassets */,
				542660852B5F039400E881B7 /* Preview Content */,
			);
			path = FruitFolio;
			sourceTree = "<group>";
		};
		542660852B5F039400E881B7 /* Preview Content */ = {
			isa = PBXGroup;
			children = (
				542660862B5F039400E881B7 /* Preview Assets.xcassets */,
			);
			path = "Preview Content";
			sourceTree = "<group>";
		};
		5426608D2B5F0CAC00E881B7 /* App */ = {
			isa = PBXGroup;
			children = (
				5426607F2B5F039300E881B7 /* FruitFolioApp.swift */,
				542660812B5F039300E881B7 /* ContentView.swift */,
				542660932B5F271500E881B7 /* OnboardingView.swift */,
				5426609D2B5F3C2A00E881B7 /* FruitDetailView.swift */,
			);
			path = App;
			sourceTree = "<group>";
		};
		5426608E2B5F0CB900E881B7 /* View */ = {
			isa = PBXGroup;
			children = (
				5426608F2B5F0D1400E881B7 /* CardView.swift */,
				542660912B5F247900E881B7 /* StartButtonView.swift */,
				5426609B2B5F34DB00E881B7 /* FruitRowView.swift */,
				5426609F2B5F413700E881B7 /* FruitHeaderView.swift */,
				542660A12B5F43B000E881B7 /* SourceLinkView.swift */,
				542660A32B5F455000E881B7 /* FruitNutritionView.swift */,
			);
			path = View;
			sourceTree = "<group>";
		};
		542660952B5F282A00E881B7 /* Model */ = {
			isa = PBXGroup;
			children = (
				542660962B5F283E00E881B7 /* FruitModel.swift */,
			);
			path = Model;
			sourceTree = "<group>";
		};
		542660982B5F28CB00E881B7 /* Data */ = {
			isa = PBXGroup;
			children = (
				542660992B5F28DD00E881B7 /* FruitData.swift */,
			);
			path = Data;
			sourceTree = "<group>";
		};
/* End PBXGroup section */

/* Begin PBXNativeTarget section */
		5426607B2B5F039300E881B7 /* FruitFolio */ = {
			isa = PBXNativeTarget;
			buildConfigurationList = 5426608A2B5F039400E881B7 /* Build configuration list for PBXNativeTarget "FruitFolio" */;
			buildPhases = (
				542660782B5F039300E881B7 /* Sources */,
				542660792B5F039300E881B7 /* Frameworks */,
				5426607A2B5F039300E881B7 /* Resources */,
			);
			buildRules = (
			);
			dependencies = (
			);
			name = FruitFolio;
			productName = FruitFolio;
			productReference = 5426607C2B5F039300E881B7 /* FruitFolio.app */;
			productType = "com.apple.product-type.application";
		};
/* End PBXNativeTarget section */

/* Begin PBXProject section */
		542660742B5F039300E881B7 /* Project object */ = {
			isa = PBXProject;
			attributes = {
				BuildIndependentTargetsInParallel = 1;
				LastSwiftUpdateCheck = 1520;
				LastUpgradeCheck = 1520;
				TargetAttributes = {
					5426607B2B5F039300E881B7 = {
						CreatedOnToolsVersion = 15.2;
					};
				};
			};
			buildConfigurationList = 542660772B5F039300E881B7 /* Build configuration list for PBXProject "FruitFolio" */;
			compatibilityVersion = "Xcode 14.0";
			developmentRegion = en;
			hasScannedForEncodings = 0;
			knownRegions = (
				en,
				Base,
			);
			mainGroup = 542660732B5F039300E881B7;
			productRefGroup = 5426607D2B5F039300E881B7 /* Products */;
			projectDirPath = "";
			projectRoot = "";
			targets = (
				5426607B2B5F039300E881B7 /* FruitFolio */,
			);
		};
/* End PBXProject section */

/* Begin PBXResourcesBuildPhase section */
		5426607A2B5F039300E881B7 /* Resources */ = {
			isa = PBXResourcesBuildPhase;
			buildActionMask = 2147483647;
			files = (
				542660872B5F039400E881B7 /* Preview Assets.xcassets in Resources */,
				542660842B5F039400E881B7 /* Assets.xcassets in Resources */,
			);
			runOnlyForDeploymentPostprocessing = 0;
		};
/* End PBXResourcesBuildPhase section */

/* Begin PBXSourcesBuildPhase section */
		542660782B5F039300E881B7 /* Sources */ = {
			isa = PBXSourcesBuildPhase;
			buildActionMask = 2147483647;
			files = (
				542660A42B5F455000E881B7 /* FruitNutritionView.swift in Sources */,
				5426609A2B5F28DD00E881B7 /* FruitData.swift in Sources */,
				542660A22B5F43B000E881B7 /* SourceLinkView.swift in Sources */,
				542660822B5F039300E881B7 /* ContentView.swift in Sources */,
				5426609C2B5F34DB00E881B7 /* FruitRowView.swift in Sources */,
				542660922B5F247900E881B7 /* StartButtonView.swift in Sources */,
				5426609E2B5F3C2A00E881B7 /* FruitDetailView.swift in Sources */,
				542660902B5F0D1400E881B7 /* CardView.swift in Sources */,
				542660A02B5F413700E881B7 /* FruitHeaderView.swift in Sources */,
				542660942B5F271500E881B7 /* OnboardingView.swift in Sources */,
				542660972B5F283E00E881B7 /* FruitModel.swift in Sources */,
				542660802B5F039300E881B7 /* FruitFolioApp.swift in Sources */,
			);
			runOnlyForDeploymentPostprocessing = 0;
		};
/* End PBXSourcesBuildPhase section */

/* Begin XCBuildConfiguration section */
		542660882B5F039400E881B7 /* Debug */ = {
			isa = XCBuildConfiguration;
			buildSettings = {
				ALWAYS_SEARCH_USER_PATHS = NO;
				ASSETCATALOG_COMPILER_GENERATE_SWIFT_ASSET_SYMBOL_EXTENSIONS = YES;
				CLANG_ANALYZER_NONNULL = YES;
				CLANG_ANALYZER_NUMBER_OBJECT_CONVERSION = YES_AGGRESSIVE;
				CLANG_CXX_LANGUAGE_STANDARD = "gnu++20";
				CLANG_ENABLE_MODULES = YES;
				CLANG_ENABLE_OBJC_ARC = YES;
				CLANG_ENABLE_OBJC_WEAK = YES;
				CLANG_WARN_BLOCK_CAPTURE_AUTORELEASING = YES;
				CLANG_WARN_BOOL_CONVERSION = YES;
				CLANG_WARN_COMMA = YES;
				CLANG_WARN_CONSTANT_CONVERSION = YES;
				CLANG_WARN_DEPRECATED_OBJC_IMPLEMENTATIONS = YES;
				CLANG_WARN_DIRECT_OBJC_ISA_USAGE = YES_ERROR;
				CLANG_WARN_DOCUMENTATION_COMMENTS = YES;
				CLANG_WARN_EMPTY_BODY = YES;
				CLANG_WARN_ENUM_CONVERSION = YES;
				CLANG_WARN_INFINITE_RECURSION = YES;
				CLANG_WARN_INT_CONVERSION = YES;
				CLANG_WARN_NON_LITERAL_NULL_CONVERSION = YES;
				CLANG_WARN_OBJC_IMPLICIT_RETAIN_SELF = YES;
				CLANG_WARN_OBJC_LITERAL_CONVERSION = YES;
				CLANG_WARN_OBJC_ROOT_CLASS = YES_ERROR;
				CLANG_WARN_QUOTED_INCLUDE_IN_FRAMEWORK_HEADER = YES;
				CLANG_WARN_RANGE_LOOP_ANALYSIS = YES;
				CLANG_WARN_STRICT_PROTOTYPES = YES;
				CLANG_WARN_SUSPICIOUS_MOVE = YES;
				CLANG_WARN_UNGUARDED_AVAILABILITY = YES_AGGRESSIVE;
				CLANG_WARN_UNREACHABLE_CODE = YES;
				CLANG_WARN__DUPLICATE_METHOD_MATCH = YES;
				COPY_PHASE_STRIP = NO;
				DEBUG_INFORMATION_FORMAT = dwarf;
				ENABLE_STRICT_OBJC_MSGSEND = YES;
				ENABLE_TESTABILITY = YES;
				ENABLE_USER_SCRIPT_SANDBOXING = YES;
				GCC_C_LANGUAGE_STANDARD = gnu17;
				GCC_DYNAMIC_NO_PIC = NO;
				GCC_NO_COMMON_BLOCKS = YES;
				GCC_OPTIMIZATION_LEVEL = 0;
				GCC_PREPROCESSOR_DEFINITIONS = (
					"DEBUG=1",
					"$(inherited)",
				);
				GCC_WARN_64_TO_32_BIT_CONVERSION = YES;
				GCC_WARN_ABOUT_RETURN_TYPE = YES_ERROR;
				GCC_WARN_UNDECLARED_SELECTOR = YES;
				GCC_WARN_UNINITIALIZED_AUTOS = YES_AGGRESSIVE;
				GCC_WARN_UNUSED_FUNCTION = YES;
				GCC_WARN_UNUSED_VARIABLE = YES;
				IPHONEOS_DEPLOYMENT_TARGET = 17.2;
				LOCALIZATION_PREFERS_STRING_CATALOGS = YES;
				MTL_ENABLE_DEBUG_INFO = INCLUDE_SOURCE;
				MTL_FAST_MATH = YES;
				ONLY_ACTIVE_ARCH = YES;
				SDKROOT = iphoneos;
				SWIFT_ACTIVE_COMPILATION_CONDITIONS = "DEBUG $(inherited)";
				SWIFT_OPTIMIZATION_LEVEL = "-Onone";
			};
			name = Debug;
		};
		542660892B5F039400E881B7 /* Release */ = {
			isa = XCBuildConfiguration;
			buildSettings = {
				ALWAYS_SEARCH_USER_PATHS = NO;
				ASSETCATALOG_COMPILER_GENERATE_SWIFT_ASSET_SYMBOL_EXTENSIONS = YES;
				CLANG_ANALYZER_NONNULL = YES;
				CLANG_ANALYZER_NUMBER_OBJECT_CONVERSION = YES_AGGRESSIVE;
				CLANG_CXX_LANGUAGE_STANDARD = "gnu++20";
				CLANG_ENABLE_MODULES = YES;
				CLANG_ENABLE_OBJC_ARC = YES;
				CLANG_ENABLE_OBJC_WEAK = YES;
				CLANG_WARN_BLOCK_CAPTURE_AUTORELEASING = YES;
				CLANG_WARN_BOOL_CONVERSION = YES;
				CLANG_WARN_COMMA = YES;
				CLANG_WARN_CONSTANT_CONVERSION = YES;
				CLANG_WARN_DEPRECATED_OBJC_IMPLEMENTATIONS = YES;
				CLANG_WARN_DIRECT_OBJC_ISA_USAGE = YES_ERROR;
				CLANG_WARN_DOCUMENTATION_COMMENTS = YES;
				CLANG_WARN_EMPTY_BODY = YES;
				CLANG_WARN_ENUM_CONVERSION = YES;
				CLANG_WARN_INFINITE_RECURSION = YES;
				CLANG_WARN_INT_CONVERSION = YES;
				CLANG_WARN_NON_LITERAL_NULL_CONVERSION = YES;
				CLANG_WARN_OBJC_IMPLICIT_RETAIN_SELF = YES;
				CLANG_WARN_OBJC_LITERAL_CONVERSION = YES;
				CLANG_WARN_OBJC_ROOT_CLASS = YES_ERROR;
				CLANG_WARN_QUOTED_INCLUDE_IN_FRAMEWORK_HEADER = YES;
				CLANG_WARN_RANGE_LOOP_ANALYSIS = YES;
				CLANG_WARN_STRICT_PROTOTYPES = YES;
				CLANG_WARN_SUSPICIOUS_MOVE = YES;
				CLANG_WARN_UNGUARDED_AVAILABILITY = YES_AGGRESSIVE;
				CLANG_WARN_UNREACHABLE_CODE = YES;
				CLANG_WARN__DUPLICATE_METHOD_MATCH = YES;
				COPY_PHASE_STRIP = NO;
				DEBUG_INFORMATION_FORMAT = "dwarf-with-dsym";
				ENABLE_NS_ASSERTIONS = NO;
				ENABLE_STRICT_OBJC_MSGSEND = YES;
				ENABLE_USER_SCRIPT_SANDBOXING = YES;
				GCC_C_LANGUAGE_STANDARD = gnu17;
				GCC_NO_COMMON_BLOCKS = YES;
				GCC_WARN_64_TO_32_BIT_CONVERSION = YES;
				GCC_WARN_ABOUT_RETURN_TYPE = YES_ERROR;
				GCC_WARN_UNDECLARED_SELECTOR = YES;
				GCC_WARN_UNINITIALIZED_AUTOS = YES_AGGRESSIVE;
				GCC_WARN_UNUSED_FUNCTION = YES;
				GCC_WARN_UNUSED_VARIABLE = YES;
				IPHONEOS_DEPLOYMENT_TARGET = 17.2;
				LOCALIZATION_PREFERS_STRING_CATALOGS = YES;
				MTL_ENABLE_DEBUG_INFO = NO;
				MTL_FAST_MATH = YES;
				SDKROOT = iphoneos;
				SWIFT_COMPILATION_MODE = wholemodule;
				VALIDATE_PRODUCT = YES;
			};
			name = Release;
		};
		5426608B2B5F039400E881B7 /* Debug */ = {
			isa = XCBuildConfiguration;
			buildSettings = {
				ASSETCATALOG_COMPILER_APPICON_NAME = AppIcon;
				ASSETCATALOG_COMPILER_GLOBAL_ACCENT_COLOR_NAME = AccentColor;
				CODE_SIGN_STYLE = Automatic;
				CURRENT_PROJECT_VERSION = 1;
				DEVELOPMENT_ASSET_PATHS = "\"FruitFolio/Preview Content\"";
				ENABLE_PREVIEWS = YES;
				GENERATE_INFOPLIST_FILE = YES;
				INFOPLIST_KEY_UIApplicationSceneManifest_Generation = YES;
				INFOPLIST_KEY_UIApplicationSupportsIndirectInputEvents = YES;
				INFOPLIST_KEY_UILaunchScreen_Generation = YES;
				INFOPLIST_KEY_UISupportedInterfaceOrientations = UIInterfaceOrientationPortrait;
				INFOPLIST_KEY_UISupportedInterfaceOrientations_iPad = "UIInterfaceOrientationLandscapeLeft UIInterfaceOrientationLandscapeRight UIInterfaceOrientationPortrait UIInterfaceOrientationPortraitUpsideDown";
				LD_RUNPATH_SEARCH_PATHS = (
					"$(inherited)",
					"@executable_path/Frameworks",
				);
				MARKETING_VERSION = 1.0;
				PRODUCT_BUNDLE_IDENTIFIER = com.learning.FruitFolio;
				PRODUCT_NAME = "$(TARGET_NAME)";
				SWIFT_EMIT_LOC_STRINGS = YES;
				SWIFT_VERSION = 5.0;
				TARGETED_DEVICE_FAMILY = "1,2";
			};
			name = Debug;
		};
		5426608C2B5F039400E881B7 /* Release */ = {
			isa = XCBuildConfiguration;
			buildSettings = {
				ASSETCATALOG_COMPILER_APPICON_NAME = AppIcon;
				ASSETCATALOG_COMPILER_GLOBAL_ACCENT_COLOR_NAME = AccentColor;
				CODE_SIGN_STYLE = Automatic;
				CURRENT_PROJECT_VERSION = 1;
				DEVELOPMENT_ASSET_PATHS = "\"FruitFolio/Preview Content\"";
				ENABLE_PREVIEWS = YES;
				GENERATE_INFOPLIST_FILE = YES;
				INFOPLIST_KEY_UIApplicationSceneManifest_Generation = YES;
				INFOPLIST_KEY_UIApplicationSupportsIndirectInputEvents = YES;
				INFOPLIST_KEY_UILaunchScreen_Generation = YES;
				INFOPLIST_KEY_UISupportedInterfaceOrientations = UIInterfaceOrientationPortrait;
				INFOPLIST_KEY_UISupportedInterfaceOrientations_iPad = "UIInterfaceOrientationLandscapeLeft UIInterfaceOrientationLandscapeRight UIInterfaceOrientationPortrait UIInterfaceOrientationPortraitUpsideDown";
				LD_RUNPATH_SEARCH_PATHS = (
					"$(inherited)",
					"@executable_path/Frameworks",
				);
				MARKETING_VERSION = 1.0;
				PRODUCT_BUNDLE_IDENTIFIER = com.learning.FruitFolio;
				PRODUCT_NAME = "$(TARGET_NAME)";
				SWIFT_EMIT_LOC_STRINGS = YES;
				SWIFT_VERSION = 5.0;
				TARGETED_DEVICE_FAMILY = "1,2";
			};
			name = Release;
		};
/* End XCBuildConfiguration section */

/* Begin XCConfigurationList section */
		542660772B5F039300E881B7 /* Build configuration list for PBXProject "FruitFolio" */ = {
			isa = XCConfigurationList;
			buildConfigurations = (
				542660882B5F039400E881B7 /* Debug */,
				542660892B5F039400E881B7 /* Release */,
			);
			defaultConfigurationIsVisible = 0;
			defaultConfigurationName = Release;
		};
		5426608A2B5F039400E881B7 /* Build configuration list for PBXNativeTarget "FruitFolio" */ = {
			isa = XCConfigurationList;
			buildConfigurations = (
				5426608B2B5F039400E881B7 /* Debug */,
				5426608C2B5F039400E881B7 /* Release */,
			);
			defaultConfigurationIsVisible = 0;
			defaultConfigurationName = Release;
		};
/* End XCConfigurationList section */
	};
	rootObject = 542660742B5F039300E881B7 /* Project object */;
}
